// !$*UTF8*$!
{
	archiveVersion = 1;
	classes = {
	};
	objectVersion = 51;
	objects = {

/* Begin PBXBuildFile section */
		4E77E62CA068E8156E1E284F /* Pods_JournalApp.framework in Frameworks */ = {isa = PBXBuildFile; fileRef = E2E24590BEE16A03C6E46813 /* Pods_JournalApp.framework */; };
		5255A8742726E57000B0A5BD /* AppDelegate.swift in Sources */ = {isa = PBXBuildFile; fileRef = 5255A8732726E57000B0A5BD /* AppDelegate.swift */; };
		5255A8762726E57000B0A5BD /* SceneDelegate.swift in Sources */ = {isa = PBXBuildFile; fileRef = 5255A8752726E57000B0A5BD /* SceneDelegate.swift */; };
		5255A8782726E57000B0A5BD /* ViewController.swift in Sources */ = {isa = PBXBuildFile; fileRef = 5255A8772726E57000B0A5BD /* ViewController.swift */; };
		5255A87B2726E57000B0A5BD /* Main.storyboard in Resources */ = {isa = PBXBuildFile; fileRef = 5255A8792726E57000B0A5BD /* Main.storyboard */; };
		5255A87D2726E57100B0A5BD /* Assets.xcassets in Resources */ = {isa = PBXBuildFile; fileRef = 5255A87C2726E57100B0A5BD /* Assets.xcassets */; };
		5255A8802726E57100B0A5BD /* LaunchScreen.storyboard in Resources */ = {isa = PBXBuildFile; fileRef = 5255A87E2726E57100B0A5BD /* LaunchScreen.storyboard */; };
		5255A8882726E65700B0A5BD /* GoogleService-Info.plist in Resources */ = {isa = PBXBuildFile; fileRef = 5255A8872726E65700B0A5BD /* GoogleService-Info.plist */; };
		52A26D5B2726F19B001D1F28 /* Note.swift in Sources */ = {isa = PBXBuildFile; fileRef = 52A26D5A2726F19B001D1F28 /* Note.swift */; };
		52A26D5D2726F2B2001D1F28 /* NoteViewController.swift in Sources */ = {isa = PBXBuildFile; fileRef = 52A26D5C2726F2B2001D1F28 /* NoteViewController.swift */; };
		52B8030127294D970051FE81 /* NotesModel.swift in Sources */ = {isa = PBXBuildFile; fileRef = 52B8030027294D970051FE81 /* NotesModel.swift */; };
/* End PBXBuildFile section */

/* Begin PBXFileReference section */
		5255A8702726E57000B0A5BD /* JournalApp.app */ = {isa = PBXFileReference; explicitFileType = wrapper.application; includeInIndex = 0; path = JournalApp.app; sourceTree = BUILT_PRODUCTS_DIR; };
		5255A8732726E57000B0A5BD /* AppDelegate.swift */ = {isa = PBXFileReference; lastKnownFileType = sourcecode.swift; path = AppDelegate.swift; sourceTree = "<group>"; };
		5255A8752726E57000B0A5BD /* SceneDelegate.swift */ = {isa = PBXFileReference; lastKnownFileType = sourcecode.swift; path = SceneDelegate.swift; sourceTree = "<group>"; };
		5255A8772726E57000B0A5BD /* ViewController.swift */ = {isa = PBXFileReference; lastKnownFileType = sourcecode.swift; path = ViewController.swift; sourceTree = "<group>"; };
		5255A87A2726E57000B0A5BD /* Base */ = {isa = PBXFileReference; lastKnownFileType = file.storyboard; name = Base; path = Base.lproj/Main.storyboard; sourceTree = "<group>"; };
		5255A87C2726E57100B0A5BD /* Assets.xcassets */ = {isa = PBXFileReference; lastKnownFileType = folder.assetcatalog; path = Assets.xcassets; sourceTree = "<group>"; };
		5255A87F2726E57100B0A5BD /* Base */ = {isa = PBXFileReference; lastKnownFileType = file.storyboard; name = Base; path = Base.lproj/LaunchScreen.storyboard; sourceTree = "<group>"; };
		5255A8812726E57100B0A5BD /* Info.plist */ = {isa = PBXFileReference; lastKnownFileType = text.plist.xml; path = Info.plist; sourceTree = "<group>"; };
		5255A8872726E65700B0A5BD /* GoogleService-Info.plist */ = {isa = PBXFileReference; fileEncoding = 4; lastKnownFileType = text.plist.xml; path = "GoogleService-Info.plist"; sourceTree = "<group>"; };
		52A26D5A2726F19B001D1F28 /* Note.swift */ = {isa = PBXFileReference; lastKnownFileType = sourcecode.swift; path = Note.swift; sourceTree = "<group>"; };
		52A26D5C2726F2B2001D1F28 /* NoteViewController.swift */ = {isa = PBXFileReference; lastKnownFileType = sourcecode.swift; path = NoteViewController.swift; sourceTree = "<group>"; };
		52B8030027294D970051FE81 /* NotesModel.swift */ = {isa = PBXFileReference; lastKnownFileType = sourcecode.swift; path = NotesModel.swift; sourceTree = "<group>"; };
		7AD64097FAA396FB1F1CFAA4 /* Pods-JournalApp.release.xcconfig */ = {isa = PBXFileReference; includeInIndex = 1; lastKnownFileType = text.xcconfig; name = "Pods-JournalApp.release.xcconfig"; path = "Target Support Files/Pods-JournalApp/Pods-JournalApp.release.xcconfig"; sourceTree = "<group>"; };
		DE9D792EA70DE31D72A40178 /* Pods-JournalApp.debug.xcconfig */ = {isa = PBXFileReference; includeInIndex = 1; lastKnownFileType = text.xcconfig; name = "Pods-JournalApp.debug.xcconfig"; path = "Target Support Files/Pods-JournalApp/Pods-JournalApp.debug.xcconfig"; sourceTree = "<group>"; };
		E2E24590BEE16A03C6E46813 /* Pods_JournalApp.framework */ = {isa = PBXFileReference; explicitFileType = wrapper.framework; includeInIndex = 0; path = Pods_JournalApp.framework; sourceTree = BUILT_PRODUCTS_DIR; };
/* End PBXFileReference section */

/* Begin PBXFrameworksBuildPhase section */
		5255A86D2726E57000B0A5BD /* Frameworks */ = {
			isa = PBXFrameworksBuildPhase;
			buildActionMask = 2147483647;
			files = (
				4E77E62CA068E8156E1E284F /* Pods_JournalApp.framework in Frameworks */,
			);
			runOnlyForDeploymentPostprocessing = 0;
		};
/* End PBXFrameworksBuildPhase section */

/* Begin PBXGroup section */
		5255A8672726E57000B0A5BD = {
			isa = PBXGroup;
			children = (
				5255A8722726E57000B0A5BD /* JournalApp */,
				5255A8712726E57000B0A5BD /* Products */,
				D0CA4F6F6D9B32B3DD7837C2 /* Pods */,
				B89F452ABDF24DE87D4865CA /* Frameworks */,
			);
			sourceTree = "<group>";
		};
		5255A8712726E57000B0A5BD /* Products */ = {
			isa = PBXGroup;
			children = (
				5255A8702726E57000B0A5BD /* JournalApp.app */,
			);
			name = Products;
			sourceTree = "<group>";
		};
		5255A8722726E57000B0A5BD /* JournalApp */ = {
			isa = PBXGroup;
			children = (
				5255A8732726E57000B0A5BD /* AppDelegate.swift */,
				5255A8752726E57000B0A5BD /* SceneDelegate.swift */,
				5255A8772726E57000B0A5BD /* ViewController.swift */,
				52A26D5C2726F2B2001D1F28 /* NoteViewController.swift */,
				52B8030027294D970051FE81 /* NotesModel.swift */,
				52A26D5A2726F19B001D1F28 /* Note.swift */,
				5255A8792726E57000B0A5BD /* Main.storyboard */,
				5255A87C2726E57100B0A5BD /* Assets.xcassets */,
				5255A8872726E65700B0A5BD /* GoogleService-Info.plist */,
				5255A87E2726E57100B0A5BD /* LaunchScreen.storyboard */,
				5255A8812726E57100B0A5BD /* Info.plist */,
			);
			path = JournalApp;
			sourceTree = "<group>";
		};
		B89F452ABDF24DE87D4865CA /* Frameworks */ = {
			isa = PBXGroup;
			children = (
				E2E24590BEE16A03C6E46813 /* Pods_JournalApp.framework */,
			);
			name = Frameworks;
			sourceTree = "<group>";
		};
		D0CA4F6F6D9B32B3DD7837C2 /* Pods */ = {
			isa = PBXGroup;
			children = (
				DE9D792EA70DE31D72A40178 /* Pods-JournalApp.debug.xcconfig */,
				7AD64097FAA396FB1F1CFAA4 /* Pods-JournalApp.release.xcconfig */,
			);
			path = Pods;
			sourceTree = "<group>";
		};
/* End PBXGroup section */

/* Begin PBXNativeTarget section */
		5255A86F2726E57000B0A5BD /* JournalApp */ = {
			isa = PBXNativeTarget;
			buildConfigurationList = 5255A8842726E57100B0A5BD /* Build configuration list for PBXNativeTarget "JournalApp" */;
			buildPhases = (
				28E0D3096870C1ECF37D7F4D /* [CP] Check Pods Manifest.lock */,
				5255A86C2726E57000B0A5BD /* Sources */,
				5255A86D2726E57000B0A5BD /* Frameworks */,
				5255A86E2726E57000B0A5BD /* Resources */,
				47FECB6483423F167BBBA40D /* [CP] Embed Pods Frameworks */,
			);
			buildRules = (
			);
			dependencies = (
			);
			name = JournalApp;
			productName = JournalApp;
			productReference = 5255A8702726E57000B0A5BD /* JournalApp.app */;
			productType = "com.apple.product-type.application";
		};
/* End PBXNativeTarget section */

/* Begin PBXProject section */
		5255A8682726E57000B0A5BD /* Project object */ = {
			isa = PBXProject;
			attributes = {
				LastSwiftUpdateCheck = 1250;
				LastUpgradeCheck = 1250;
				TargetAttributes = {
					5255A86F2726E57000B0A5BD = {
						CreatedOnToolsVersion = 12.5;
					};
				};
			};
			buildConfigurationList = 5255A86B2726E57000B0A5BD /* Build configuration list for PBXProject "JournalApp" */;
			compatibilityVersion = "Xcode 9.3";
			developmentRegion = en;
			hasScannedForEncodings = 0;
			knownRegions = (
				en,
				Base,
			);
			mainGroup = 5255A8672726E57000B0A5BD;
			productRefGroup = 5255A8712726E57000B0A5BD /* Products */;
			projectDirPath = "";
			projectRoot = "";
			targets = (
				5255A86F2726E57000B0A5BD /* JournalApp */,
			);
		};
/* End PBXProject section */

/* Begin PBXResourcesBuildPhase section */
		5255A86E2726E57000B0A5BD /* Resources */ = {
			isa = PBXResourcesBuildPhase;
			buildActionMask = 2147483647;
			files = (
				5255A8802726E57100B0A5BD /* LaunchScreen.storyboard in Resources */,
				5255A87D2726E57100B0A5BD /* Assets.xcassets in Resources */,
				5255A8882726E65700B0A5BD /* GoogleService-Info.plist in Resources */,
				5255A87B2726E57000B0A5BD /* Main.storyboard in Resources */,
			);
			runOnlyForDeploymentPostprocessing = 0;
		};
/* End PBXResourcesBuildPhase section */

/* Begin PBXShellScriptBuildPhase section */
		28E0D3096870C1ECF37D7F4D /* [CP] Check Pods Manifest.lock */ = {
			isa = PBXShellScriptBuildPhase;
			buildActionMask = 2147483647;
			files = (
			);
			inputFileListPaths = (
			);
			inputPaths = (
				"${PODS_PODFILE_DIR_PATH}/Podfile.lock",
				"${PODS_ROOT}/Manifest.lock",
			);
			name = "[CP] Check Pods Manifest.lock";
			outputFileListPaths = (
			);
			outputPaths = (
				"$(DERIVED_FILE_DIR)/Pods-JournalApp-checkManifestLockResult.txt",
			);
			runOnlyForDeploymentPostprocessing = 0;
			shellPath = /bin/sh;
			shellScript = "diff \"${PODS_PODFILE_DIR_PATH}/Podfile.lock\" \"${PODS_ROOT}/Manifest.lock\" > /dev/null\nif [ $? != 0 ] ; then\n    # print error to STDERR\n    echo \"error: The sandbox is not in sync with the Podfile.lock. Run 'pod install' or update your CocoaPods installation.\" >&2\n    exit 1\nfi\n# This output is used by Xcode 'outputs' to avoid re-running this script phase.\necho \"SUCCESS\" > \"${SCRIPT_OUTPUT_FILE_0}\"\n";
			showEnvVarsInLog = 0;
		};
		47FECB6483423F167BBBA40D /* [CP] Embed Pods Frameworks */ = {
			isa = PBXShellScriptBuildPhase;
			buildActionMask = 2147483647;
			files = (
			);
			inputFileListPaths = (
				"${PODS_ROOT}/Target Support Files/Pods-JournalApp/Pods-JournalApp-frameworks-${CONFIGURATION}-input-files.xcfilelist",
			);
			name = "[CP] Embed Pods Frameworks";
			outputFileListPaths = (
				"${PODS_ROOT}/Target Support Files/Pods-JournalApp/Pods-JournalApp-frameworks-${CONFIGURATION}-output-files.xcfilelist",
			);
			runOnlyForDeploymentPostprocessing = 0;
			shellPath = /bin/sh;
			shellScript = "\"${PODS_ROOT}/Target Support Files/Pods-JournalApp/Pods-JournalApp-frameworks.sh\"\n";
			showEnvVarsInLog = 0;
		};
/* End PBXShellScriptBuildPhase section */

/* Begin PBXSourcesBuildPhase section */
		5255A86C2726E57000B0A5BD /* Sources */ = {
			isa = PBXSourcesBuildPhase;
			buildActionMask = 2147483647;
			files = (
				5255A8782726E57000B0A5BD /* ViewController.swift in Sources */,
				5255A8742726E57000B0A5BD /* AppDelegate.swift in Sources */,
				5255A8762726E57000B0A5BD /* SceneDelegate.swift in Sources */,
				52A26D5D2726F2B2001D1F28 /* NoteViewController.swift in Sources */,
				52A26D5B2726F19B001D1F28 /* Note.swift in Sources */,
				52B8030127294D970051FE81 /* NotesModel.swift in Sources */,
			);
			runOnlyForDeploymentPostprocessing = 0;
		};
/* End PBXSourcesBuildPhase section */

/* Begin PBXVariantGroup section */
		5255A8792726E57000B0A5BD /* Main.storyboard */ = {
			isa = PBXVariantGroup;
			children = (
				5255A87A2726E57000B0A5BD /* Base */,
			);
			name = Main.storyboard;
			sourceTree = "<group>";
		};
		5255A87E2726E57100B0A5BD /* LaunchScreen.storyboard */ = {
			isa = PBXVariantGroup;
			children = (
				5255A87F2726E57100B0A5BD /* Base */,
			);
			name = LaunchScreen.storyboard;
			sourceTree = "<group>";
		};
/* End PBXVariantGroup section */

/* Begin XCBuildConfiguration section */
		5255A8822726E57100B0A5BD /* Debug */ = {
			isa = XCBuildConfiguration;
			buildSettings = {
				ALWAYS_SEARCH_USER_PATHS = NO;
				CLANG_ANALYZER_NONNULL = YES;
				CLANG_ANALYZER_NUMBER_OBJECT_CONVERSION = YES_AGGRESSIVE;
				CLANG_CXX_LANGUAGE_STANDARD = "gnu++14";
				CLANG_CXX_LIBRARY = "libc++";
				CLANG_ENABLE_MODULES = YES;
				CLANG_ENABLE_OBJC_ARC = YES;
				CLANG_ENABLE_OBJC_WEAK = YES;
				CLANG_WARN_BLOCK_CAPTURE_AUTORELEASING = YES;
				CLANG_WARN_BOOL_CONVERSION = YES;
				CLANG_WARN_COMMA = YES;
				CLANG_WARN_CONSTANT_CONVERSION = YES;
				CLANG_WARN_DEPRECATED_OBJC_IMPLEMENTATIONS = YES;
				CLANG_WARN_DIRECT_OBJC_ISA_USAGE = YES_ERROR;
				CLANG_WARN_DOCUMENTATION_COMMENTS = YES;
				CLANG_WARN_EMPTY_BODY = YES;
				CLANG_WARN_ENUM_CONVERSION = YES;
				CLANG_WARN_INFINITE_RECURSION = YES;
				CLANG_WARN_INT_CONVERSION = YES;
				CLANG_WARN_NON_LITERAL_NULL_CONVERSION = YES;
				CLANG_WARN_OBJC_IMPLICIT_RETAIN_SELF = YES;
				CLANG_WARN_OBJC_LITERAL_CONVERSION = YES;
				CLANG_WARN_OBJC_ROOT_CLASS = YES_ERROR;
				CLANG_WARN_QUOTED_INCLUDE_IN_FRAMEWORK_HEADER = YES;
				CLANG_WARN_RANGE_LOOP_ANALYSIS = YES;
				CLANG_WARN_STRICT_PROTOTYPES = YES;
				CLANG_WARN_SUSPICIOUS_MOVE = YES;
				CLANG_WARN_UNGUARDED_AVAILABILITY = YES_AGGRESSIVE;
				CLANG_WARN_UNREACHABLE_CODE = YES;
				CLANG_WARN__DUPLICATE_METHOD_MATCH = YES;
				COPY_PHASE_STRIP = NO;
				DEBUG_INFORMATION_FORMAT = dwarf;
				ENABLE_STRICT_OBJC_MSGSEND = YES;
				ENABLE_TESTABILITY = YES;
				GCC_C_LANGUAGE_STANDARD = gnu11;
				GCC_DYNAMIC_NO_PIC = NO;
				GCC_NO_COMMON_BLOCKS = YES;
				GCC_OPTIMIZATION_LEVEL = 0;
				GCC_PREPROCESSOR_DEFINITIONS = (
					"DEBUG=1",
					"$(inherited)",
				);
				GCC_WARN_64_TO_32_BIT_CONVERSION = YES;
				GCC_WARN_ABOUT_RETURN_TYPE = YES_ERROR;
				GCC_WARN_UNDECLARED_SELECTOR = YES;
				GCC_WARN_UNINITIALIZED_AUTOS = YES_AGGRESSIVE;
				GCC_WARN_UNUSED_FUNCTION = YES;
				GCC_WARN_UNUSED_VARIABLE = YES;
				IPHONEOS_DEPLOYMENT_TARGET = 14.5;
				MTL_ENABLE_DEBUG_INFO = INCLUDE_SOURCE;
				MTL_FAST_MATH = YES;
				ONLY_ACTIVE_ARCH = YES;
				SDKROOT = iphoneos;
				SWIFT_ACTIVE_COMPILATION_CONDITIONS = DEBUG;
				SWIFT_OPTIMIZATION_LEVEL = "-Onone";
			};
			name = Debug;
		};
		5255A8832726E57100B0A5BD /* Release */ = {
			isa = XCBuildConfiguration;
			buildSettings = {
				ALWAYS_SEARCH_USER_PATHS = NO;
				CLANG_ANALYZER_NONNULL = YES;
				CLANG_ANALYZER_NUMBER_OBJECT_CONVERSION = YES_AGGRESSIVE;
				CLANG_CXX_LANGUAGE_STANDARD = "gnu++14";
				CLANG_CXX_LIBRARY = "libc++";
				CLANG_ENABLE_MODULES = YES;
				CLANG_ENABLE_OBJC_ARC = YES;
				CLANG_ENABLE_OBJC_WEAK = YES;
				CLANG_WARN_BLOCK_CAPTURE_AUTORELEASING = YES;
				CLANG_WARN_BOOL_CONVERSION = YES;
				CLANG_WARN_COMMA = YES;
				CLANG_WARN_CONSTANT_CONVERSION = YES;
				CLANG_WARN_DEPRECATED_OBJC_IMPLEMENTATIONS = YES;
				CLANG_WARN_DIRECT_OBJC_ISA_USAGE = YES_ERROR;
				CLANG_WARN_DOCUMENTATION_COMMENTS = YES;
				CLANG_WARN_EMPTY_BODY = YES;
				CLANG_WARN_ENUM_CONVERSION = YES;
				CLANG_WARN_INFINITE_RECURSION = YES;
				CLANG_WARN_INT_CONVERSION = YES;
				CLANG_WARN_NON_LITERAL_NULL_CONVERSION = YES;
				CLANG_WARN_OBJC_IMPLICIT_RETAIN_SELF = YES;
				CLANG_WARN_OBJC_LITERAL_CONVERSION = YES;
				CLANG_WARN_OBJC_ROOT_CLASS = YES_ERROR;
				CLANG_WARN_QUOTED_INCLUDE_IN_FRAMEWORK_HEADER = YES;
				CLANG_WARN_RANGE_LOOP_ANALYSIS = YES;
				CLANG_WARN_STRICT_PROTOTYPES = YES;
				CLANG_WARN_SUSPICIOUS_MOVE = YES;
				CLANG_WARN_UNGUARDED_AVAILABILITY = YES_AGGRESSIVE;
				CLANG_WARN_UNREACHABLE_CODE = YES;
				CLANG_WARN__DUPLICATE_METHOD_MATCH = YES;
				COPY_PHASE_STRIP = NO;
				DEBUG_INFORMATION_FORMAT = "dwarf-with-dsym";
				ENABLE_NS_ASSERTIONS = NO;
				ENABLE_STRICT_OBJC_MSGSEND = YES;
				GCC_C_LANGUAGE_STANDARD = gnu11;
				GCC_NO_COMMON_BLOCKS = YES;
				GCC_WARN_64_TO_32_BIT_CONVERSION = YES;
				GCC_WARN_ABOUT_RETURN_TYPE = YES_ERROR;
				GCC_WARN_UNDECLARED_SELECTOR = YES;
				GCC_WARN_UNINITIALIZED_AUTOS = YES_AGGRESSIVE;
				GCC_WARN_UNUSED_FUNCTION = YES;
				GCC_WARN_UNUSED_VARIABLE = YES;
				IPHONEOS_DEPLOYMENT_TARGET = 14.5;
				MTL_ENABLE_DEBUG_INFO = NO;
				MTL_FAST_MATH = YES;
				SDKROOT = iphoneos;
				SWIFT_COMPILATION_MODE = wholemodule;
				SWIFT_OPTIMIZATION_LEVEL = "-O";
				VALIDATE_PRODUCT = YES;
			};
			name = Release;
		};
		5255A8852726E57100B0A5BD /* Debug */ = {
			isa = XCBuildConfiguration;
			baseConfigurationReference = DE9D792EA70DE31D72A40178 /* Pods-JournalApp.debug.xcconfig */;
			buildSettings = {
				ASSETCATALOG_COMPILER_APPICON_NAME = AppIcon;
				ASSETCATALOG_COMPILER_GLOBAL_ACCENT_COLOR_NAME = AccentColor;
				CODE_SIGN_STYLE = Automatic;
				DEVELOPMENT_TEAM = 3A9GN9NGYL;
				INFOPLIST_FILE = JournalApp/Info.plist;
				LD_RUNPATH_SEARCH_PATHS = (
					"$(inherited)",
					"@executable_path/Frameworks",
				);
				PRODUCT_BUNDLE_IDENTIFIER = com.MichaelShustov.JournalApp;
				PRODUCT_NAME = "$(TARGET_NAME)";
				SWIFT_VERSION = 5.0;
				TARGETED_DEVICE_FAMILY = "1,2";
			};
			name = Debug;
		};
		5255A8862726E57100B0A5BD /* Release */ = {
			isa = XCBuildConfiguration;
			baseConfigurationReference = 7AD64097FAA396FB1F1CFAA4 /* Pods-JournalApp.release.xcconfig */;
			buildSettings = {
				ASSETCATALOG_COMPILER_APPICON_NAME = AppIcon;
				ASSETCATALOG_COMPILER_GLOBAL_ACCENT_COLOR_NAME = AccentColor;
				CODE_SIGN_STYLE = Automatic;
				DEVELOPMENT_TEAM = 3A9GN9NGYL;
				INFOPLIST_FILE = JournalApp/Info.plist;
				LD_RUNPATH_SEARCH_PATHS = (
					"$(inherited)",
					"@executable_path/Frameworks",
				);
				PRODUCT_BUNDLE_IDENTIFIER = com.MichaelShustov.JournalApp;
				PRODUCT_NAME = "$(TARGET_NAME)";
				SWIFT_VERSION = 5.0;
				TARGETED_DEVICE_FAMILY = "1,2";
			};
			name = Release;
		};
/* End XCBuildConfiguration section */

/* Begin XCConfigurationList section */
		5255A86B2726E57000B0A5BD /* Build configuration list for PBXProject "JournalApp" */ = {
			isa = XCConfigurationList;
			buildConfigurations = (
				5255A8822726E57100B0A5BD /* Debug */,
				5255A8832726E57100B0A5BD /* Release */,
			);
			defaultConfigurationIsVisible = 0;
			defaultConfigurationName = Release;
		};
		5255A8842726E57100B0A5BD /* Build configuration list for PBXNativeTarget "JournalApp" */ = {
			isa = XCConfigurationList;
			buildConfigurations = (
				5255A8852726E57100B0A5BD /* Debug */,
				5255A8862726E57100B0A5BD /* Release */,
			);
			defaultConfigurationIsVisible = 0;
			defaultConfigurationName = Release;
		};
/* End XCConfigurationList section */
	};
	rootObject = 5255A8682726E57000B0A5BD /* Project object */;
}
